
Microsoft Visual Studio Solution File, Format Version 12.00
# Visual Studio 15
VisualStudioVersion = 15.0.27428.2037
MinimumVisualStudioVersion = 10.0.40219.1
Project("{FAE04EC0-301F-11D3-BF4B-00C04F79EFBC}") = "ArraysAndLists", "ArraysAndLists\ArraysAndLists.csproj", "{F73C02AA-5408-43AA-BF37-5551926E27A8}"
EndProject
Global
	GlobalSection(SolutionConfigurationPlatforms) = preSolution
		Debug|Any CPU = Debug|Any CPU
		Release|Any CPU = Release|Any CPU
	EndGlobalSection
	GlobalSection(ProjectConfigurationPlatforms) = postSolution
		{F73C02AA-5408-43AA-BF37-5551926E27A8}.Debug|Any CPU.ActiveCfg = Debug|Any CPU
		{F73C02AA-5408-43AA-BF37-5551926E27A8}.Debug|Any CPU.Build.0 = Debug|Any CPU
		{F73C02AA-5408-43AA-BF37-5551926E27A8}.Release|Any CPU.ActiveCfg = Release|Any CPU
		{F73C02AA-5408-43AA-BF37-5551926E27A8}.Release|Any CPU.Build.0 = Release|Any CPU
	EndGlobalSection
	GlobalSection(SolutionProperties) = preSolution
		HideSolutionNode = FALSE
	EndGlobalSection
	GlobalSection(ExtensibilityGlobals) = postSolution
		SolutionGuid = {A5CFD421-6E62-4CDB-8BD5-890847A59386}
	EndGlobalSection
EndGlobal
