
Microsoft Visual Studio Solution File, Format Version 12.00
# Visual Studio 15
VisualStudioVersion = 15.0.27428.2037
MinimumVisualStudioVersion = 10.0.40219.1
Project("{FAE04EC0-301F-11D3-BF4B-00C04F79EFBC}") = "Loops Exercise", "Loops Exercise\Loops Exercise.csproj", "{787DA5D0-3A19-4FCB-98C1-C29720DC9D6A}"
EndProject
Global
	GlobalSection(SolutionConfigurationPlatforms) = preSolution
		Debug|Any CPU = Debug|Any CPU
		Release|Any CPU = Release|Any CPU
	EndGlobalSection
	GlobalSection(ProjectConfigurationPlatforms) = postSolution
		{787DA5D0-3A19-4FCB-98C1-C29720DC9D6A}.Debug|Any CPU.ActiveCfg = Debug|Any CPU
		{787DA5D0-3A19-4FCB-98C1-C29720DC9D6A}.Debug|Any CPU.Build.0 = Debug|Any CPU
		{787DA5D0-3A19-4FCB-98C1-C29720DC9D6A}.Release|Any CPU.ActiveCfg = Release|Any CPU
		{787DA5D0-3A19-4FCB-98C1-C29720DC9D6A}.Release|Any CPU.Build.0 = Release|Any CPU
	EndGlobalSection
	GlobalSection(SolutionProperties) = preSolution
		HideSolutionNode = FALSE
	EndGlobalSection
	GlobalSection(ExtensibilityGlobals) = postSolution
		SolutionGuid = {B9F0A002-50A7-4CB6-A305-95D7C51A5927}
	EndGlobalSection
EndGlobal
