
Microsoft Visual Studio Solution File, Format Version 12.00
# Visual Studio 15
VisualStudioVersion = 15.0.27428.2037
MinimumVisualStudioVersion = 10.0.40219.1
Project("{FAE04EC0-301F-11D3-BF4B-00C04F79EFBC}") = "MethodOverload", "MethodOverload\MethodOverload.csproj", "{F6FFF029-BD45-4C44-AFD5-F73DA605BC3D}"
EndProject
Global
	GlobalSection(SolutionConfigurationPlatforms) = preSolution
		Debug|Any CPU = Debug|Any CPU
		Release|Any CPU = Release|Any CPU
	EndGlobalSection
	GlobalSection(ProjectConfigurationPlatforms) = postSolution
		{F6FFF029-BD45-4C44-AFD5-F73DA605BC3D}.Debug|Any CPU.ActiveCfg = Debug|Any CPU
		{F6FFF029-BD45-4C44-AFD5-F73DA605BC3D}.Debug|Any CPU.Build.0 = Debug|Any CPU
		{F6FFF029-BD45-4C44-AFD5-F73DA605BC3D}.Release|Any CPU.ActiveCfg = Release|Any CPU
		{F6FFF029-BD45-4C44-AFD5-F73DA605BC3D}.Release|Any CPU.Build.0 = Release|Any CPU
	EndGlobalSection
	GlobalSection(SolutionProperties) = preSolution
		HideSolutionNode = FALSE
	EndGlobalSection
	GlobalSection(ExtensibilityGlobals) = postSolution
		SolutionGuid = {BE663A3B-960E-4E4D-B47A-B44113B0DDA7}
	EndGlobalSection
EndGlobal
