
Microsoft Visual Studio Solution File, Format Version 12.00
# Visual Studio 15
VisualStudioVersion = 15.0.27428.2037
MinimumVisualStudioVersion = 10.0.40219.1
Project("{FAE04EC0-301F-11D3-BF4B-00C04F79EFBC}") = "MethodsPractice", "MethodsPractice\MethodsPractice.csproj", "{1F8EFACC-2DAF-4251-AE31-93C26FE143C4}"
EndProject
Global
	GlobalSection(SolutionConfigurationPlatforms) = preSolution
		Debug|Any CPU = Debug|Any CPU
		Release|Any CPU = Release|Any CPU
	EndGlobalSection
	GlobalSection(ProjectConfigurationPlatforms) = postSolution
		{1F8EFACC-2DAF-4251-AE31-93C26FE143C4}.Debug|Any CPU.ActiveCfg = Debug|Any CPU
		{1F8EFACC-2DAF-4251-AE31-93C26FE143C4}.Debug|Any CPU.Build.0 = Debug|Any CPU
		{1F8EFACC-2DAF-4251-AE31-93C26FE143C4}.Release|Any CPU.ActiveCfg = Release|Any CPU
		{1F8EFACC-2DAF-4251-AE31-93C26FE143C4}.Release|Any CPU.Build.0 = Release|Any CPU
	EndGlobalSection
	GlobalSection(SolutionProperties) = preSolution
		HideSolutionNode = FALSE
	EndGlobalSection
	GlobalSection(ExtensibilityGlobals) = postSolution
		SolutionGuid = {EFE01C65-97D5-4221-B855-F6FF7593270F}
	EndGlobalSection
EndGlobal
