
Microsoft Visual Studio Solution File, Format Version 12.00
# Visual Studio 15
VisualStudioVersion = 15.0.27428.2037
MinimumVisualStudioVersion = 10.0.40219.1
Project("{FAE04EC0-301F-11D3-BF4B-00C04F79EFBC}") = "Iteration", "Iteration\Iteration.csproj", "{2B81E1A9-8075-463F-BE5D-10565C9060BF}"
EndProject
Global
	GlobalSection(SolutionConfigurationPlatforms) = preSolution
		Debug|Any CPU = Debug|Any CPU
		Release|Any CPU = Release|Any CPU
	EndGlobalSection
	GlobalSection(ProjectConfigurationPlatforms) = postSolution
		{2B81E1A9-8075-463F-BE5D-10565C9060BF}.Debug|Any CPU.ActiveCfg = Debug|Any CPU
		{2B81E1A9-8075-463F-BE5D-10565C9060BF}.Debug|Any CPU.Build.0 = Debug|Any CPU
		{2B81E1A9-8075-463F-BE5D-10565C9060BF}.Release|Any CPU.ActiveCfg = Release|Any CPU
		{2B81E1A9-8075-463F-BE5D-10565C9060BF}.Release|Any CPU.Build.0 = Release|Any CPU
	EndGlobalSection
	GlobalSection(SolutionProperties) = preSolution
		HideSolutionNode = FALSE
	EndGlobalSection
	GlobalSection(ExtensibilityGlobals) = postSolution
		SolutionGuid = {15333E65-B461-4DCF-B971-EABE54AFCA7A}
	EndGlobalSection
EndGlobal
